<?xml version="1.0" encoding="utf-8"?>
<Project ToolsVersion="4.0" xmlns="http://schemas.microsoft.com/developer/msbuild/2003">
  <ItemGroup>
    <ClCompile Include="CustomBind.cpp" />
    <ClCompile Include="Math.cpp" />
    <ClCompile Include="Model.cpp" />
    <ClCompile Include="ProjectileManager.cpp" />
    <ClCompile Include="Renderer.cpp" />
    <ClCompile Include="Game.cpp" />
    <ClCompile Include="Main.cpp" />
    <ClCompile Include="Helpers.cpp" />
    <ClCompile Include="DeferredEffect.cpp" />
    <ClCompile Include="LightingEffect.cpp" />
    <ClCompile Include="TonemapEffect.cpp" />
    <ClCompile Include="PhysicsManager.cpp" />
    <ClCompile Include="GenerationManager.cpp" />
    <ClCompile Include="RenderTexture.cpp" />
    <ClCompile Include="StagedBuffer.cpp" />
    <ClCompile Include="NPCManager.cpp" />
  </ItemGroup>
  <ItemGroup>
    <ClInclude Include="CustomBind.h" />
    <ClInclude Include="Math.h" />
    <ClInclude Include="Model.h" />
    <ClInclude Include="ProjectileManager.h" />
    <ClInclude Include="Renderer.h" />
    <ClInclude Include="Defines.h" />
    <ClInclude Include="Game.h" />
    <ClInclude Include="Helpers.h" />
    <ClInclude Include="DeferredEffect.h" />
    <ClInclude Include="LightingEffect.h" />
    <ClInclude Include="TonemapEffect.h" />
    <ClInclude Include="PhysicsManager.h" />
    <ClInclude Include="GenerationManager.h" />
    <ClInclude Include="RenderTexture.h" />
    <ClInclude Include="GraphicsHelpers.h" />
    <ClInclude Include="StagedBuffer.h" />
    <ClInclude Include="Ecs.h" />
    <ClInclude Include="NPCManager.h" />
  </ItemGroup>
  <ItemGroup>
    <ResourceCompile Include="My Game.rc" />
  </ItemGroup>
  <ItemGroup>
    <Text Include="SeanTodo.txt" />
  </ItemGroup>
  <ItemGroup>
    <Filter Include="Shaders">
      <UniqueIdentifier>{9e746acb-4e16-4387-b583-649e7ef5f9cf}</UniqueIdentifier>
    </Filter>
  </ItemGroup>
  <ItemGroup>
    <None Include="Shaders\DeferredEffect_Common.hlsli">
      <Filter>Shaders</Filter>
    </None>
    <None Include="Shaders\LightingEffect_Common.hlsli">
      <Filter>Shaders</Filter>
    </None>
    <None Include="Shaders\TonemapEffect_Common.hlsli">
      <Filter>Shaders</Filter>
    </None>
    <None Include="Shaders\PostProcess_Common.hlsli">
      <Filter>Shaders</Filter>
    </None>
  </ItemGroup>
  <ItemGroup>
    <FxCompile Include="Shaders\DeferredEffect_VS.hlsl">
      <Filter>Shaders</Filter>
    </FxCompile>
    <FxCompile Include="Shaders\DeferredEffect_PS.hlsl">
      <Filter>Shaders</Filter>
    </FxCompile>
    <FxCompile Include="Shaders\LightingEffect_PS.hlsl">
      <Filter>Shaders</Filter>
    </FxCompile>
    <FxCompile Include="Shaders\TonemapEffect_PS.hlsl">
      <Filter>Shaders</Filter>
    </FxCompile>
    <FxCompile Include="Shaders\PostProcessEffect_VS.hlsl">
      <Filter>Shaders</Filter>
    </FxCompile>
  </ItemGroup>
</Project>