<?xml version="1.0" encoding="utf-8"?>
<Project ToolsVersion="4.0" xmlns="http://schemas.microsoft.com/developer/msbuild/2003">
  <ItemGroup>
    <ClCompile Include="Common.cpp" />
    <ClCompile Include="CustomBind.cpp" />
    <ClCompile Include="Math.cpp" />
    <ClCompile Include="Model.cpp" />
    <ClCompile Include="ProjectileManager.cpp" />
    <ClCompile Include="Renderer.cpp" />
    <ClCompile Include="Game.cpp" />
    <ClCompile Include="Main.cpp" />
    <ClCompile Include="Object.cpp" />
    <ClCompile Include="ObjectManager.cpp" />
    <ClCompile Include="StagedBuffer.cpp" />
    <ClCompile Include="GameEffect.cpp" />
    <ClCompile Include="Helpers.cpp" />
    <ClCompile Include="PostProcessEffect.cpp" />
  </ItemGroup>
  <ItemGroup>
    <ClInclude Include="Common.h" />
    <ClInclude Include="CustomBind.h" />
    <ClInclude Include="Math.h" />
    <ClInclude Include="Model.h" />
    <ClInclude Include="ProjectileManager.h" />
    <ClInclude Include="Renderer.h" />
    <ClInclude Include="Defines.h" />
    <ClInclude Include="Game.h" />
    <ClInclude Include="GameDefines.h" />
    <ClInclude Include="Object.h" />
    <ClInclude Include="ObjectManager.h" />
    <ClInclude Include="StagedBuffer.h" />
    <ClInclude Include="GameEffect.h" />
    <ClInclude Include="Helpers.h" />
    <ClInclude Include="PostProcessEffect.h" />
  </ItemGroup>
  <ItemGroup>
    <ResourceCompile Include="My Game.rc" />
  </ItemGroup>
  <ItemGroup>
    <Text Include="SeanTodo.txt" />
  </ItemGroup>
  <ItemGroup>
    <Filter Include="Shaders">
      <UniqueIdentifier>{9e746acb-4e16-4387-b583-649e7ef5f9cf}</UniqueIdentifier>
    </Filter>
  </ItemGroup>
  <ItemGroup>
    <None Include="GameEffect_Common.hlsli">
      <Filter>Shaders</Filter>
    </None>
    <None Include="PostProcessEffect_Common.hlsli">
      <Filter>Shaders</Filter>
    </None>
  </ItemGroup>
  <ItemGroup>
    <FxCompile Include="GameEffect_VS.hlsl">
      <Filter>Shaders</Filter>
    </FxCompile>
    <FxCompile Include="GameEffect_PS.hlsl">
      <Filter>Shaders</Filter>
    </FxCompile>
    <FxCompile Include="PostProcessEffect_PS.hlsl">
      <Filter>Shaders</Filter>
    </FxCompile>
    <FxCompile Include="PostProcessEffect_VS.hlsl">
      <Filter>Shaders</Filter>
    </FxCompile>
  </ItemGroup>
</Project>