<?xml version="1.0" encoding="utf-8"?>
<Project ToolsVersion="4.0" xmlns="http://schemas.microsoft.com/developer/msbuild/2003">
  <ItemGroup>
    <ClCompile Include="CustomBind.cpp" />
    <ClCompile Include="Math.cpp" />
    <ClCompile Include="Model.cpp" />
    <ClCompile Include="ProjectileManager.cpp" />
    <ClCompile Include="Renderer.cpp" />
    <ClCompile Include="Game.cpp" />
    <ClCompile Include="Main.cpp" />
    <ClCompile Include="Helpers.cpp" />
    <ClCompile Include="PhysicsManager.cpp" />
    <ClCompile Include="GenerationManager.cpp" />
    <ClCompile Include="RenderTexture.cpp" />
    <ClCompile Include="NPCManager.cpp" />
    <ClCompile Include="Effects\BloomEffect.cpp" />
    <ClCompile Include="Effects\EffectsCommon.cpp" />
    <ClCompile Include="Effects\DeferredEffect.cpp" />
    <ClCompile Include="Effects\TonemapEffect.cpp" />
    <ClCompile Include="Effects\LightingEffect.cpp" />
    <ClCompile Include="TestingEnvironment.cpp" />
    <ClCompile Include="AnimationManager.cpp" />
    <ClCompile Include="Interpolation.cpp" />
    <ClCompile Include="PlayerManager.cpp" />
    <ClCompile Include="DrawManager.cpp" />
    <ClCompile Include="MenuManager.cpp" />
    <ClCompile Include="ParticleManager.cpp" />
  </ItemGroup>
  <ItemGroup>
    <ClInclude Include="CustomBind.h" />
    <ClInclude Include="Math.h" />
    <ClInclude Include="Model.h" />
    <ClInclude Include="Renderer.h" />
    <ClInclude Include="Defines.h" />
    <ClInclude Include="Game.h" />
    <ClInclude Include="Helpers.h" />
    <ClInclude Include="RenderTexture.h" />
    <ClInclude Include="Ecs.h" />
    <ClInclude Include="Effects\BloomEffect.h" />
    <ClInclude Include="Effects\EffectsCommon.h" />
    <ClInclude Include="Effects\DeferredEffect.h" />
    <ClInclude Include="Effects\TonemapEffect.h" />
    <ClInclude Include="Effects\LightingEffect.h" />
    <ClInclude Include="Interpolation.h" />
    <ClInclude Include="BinaryHeap.h" />
    <ClInclude Include="FixedBufferAllocator.h" />
  </ItemGroup>
  <ItemGroup>
    <ResourceCompile Include="My Game.rc" />
  </ItemGroup>
  <ItemGroup>
    <Text Include="SeanTodo.txt" />
  </ItemGroup>
  <ItemGroup>
    <Filter Include="Shaders">
      <UniqueIdentifier>{9e746acb-4e16-4387-b583-649e7ef5f9cf}</UniqueIdentifier>
    </Filter>
  </ItemGroup>
  <ItemGroup>
    <None Include="Shaders\PostProcess_Common.hlsli">
      <Filter>Shaders</Filter>
    </None>
    <None Include="Shaders\Deferred_Common.hlsli">
      <Filter>Shaders</Filter>
    </None>
  </ItemGroup>
  <ItemGroup>
    <FxCompile Include="Shaders\BloomExtract_PS.hlsl" />
    <FxCompile Include="Shaders\Deferred_PS.hlsl">
      <Filter>Shaders</Filter>
    </FxCompile>
    <FxCompile Include="Shaders\Deferred_VS.hlsl">
      <Filter>Shaders</Filter>
    </FxCompile>
    <FxCompile Include="Shaders\Lighting_PS.hlsl">
      <Filter>Shaders</Filter>
    </FxCompile>
    <FxCompile Include="Shaders\PostProcess_VS.hlsl">
      <Filter>Shaders</Filter>
    </FxCompile>
    <FxCompile Include="Shaders\Tonemap_PS.hlsl">
      <Filter>Shaders</Filter>
    </FxCompile>
    <FxCompile Include="Shaders\BloomBlur_PS.hlsl" />
    <FxCompile Include="Shaders\BloomCombine_PS.hlsl" />
  </ItemGroup>
</Project>